
Microsoft Visual Studio Solution File, Format Version 12.00
# Visual Studio Version 17
VisualStudioVersion = 17.6.33723.286
MinimumVisualStudioVersion = 10.0.40219.1
Project("{FAE04EC0-301F-11D3-BF4B-00C04F79EFBC}") = "MinimumSpeedArriveTime", "MinimumSpeedArriveTime.csproj", "{13113DC0-F69D-4F7E-9855-1475BC88EBD0}"
EndProject
Global
	GlobalSection(SolutionConfigurationPlatforms) = preSolution
		Debug|Any CPU = Debug|Any CPU
		Release|Any CPU = Release|Any CPU
	EndGlobalSection
	GlobalSection(ProjectConfigurationPlatforms) = postSolution
		{13113DC0-F69D-4F7E-9855-1475BC88EBD0}.Debug|Any CPU.ActiveCfg = Debug|Any CPU
		{13113DC0-F69D-4F7E-9855-1475BC88EBD0}.Debug|Any CPU.Build.0 = Debug|Any CPU
		{13113DC0-F69D-4F7E-9855-1475BC88EBD0}.Release|Any CPU.ActiveCfg = Release|Any CPU
		{13113DC0-F69D-4F7E-9855-1475BC88EBD0}.Release|Any CPU.Build.0 = Release|Any CPU
	EndGlobalSection
	GlobalSection(SolutionProperties) = preSolution
		HideSolutionNode = FALSE
	EndGlobalSection
	GlobalSection(ExtensibilityGlobals) = postSolution
		SolutionGuid = {6EF138FF-9EA9-4FD8-B0A7-5BF27D32AAAF}
	EndGlobalSection
EndGlobal
